// !$*UTF8*$!
{
	archiveVersion = 1;
	classes = {
	};
	objectVersion = 46;
	objects = {

/* Begin PBXBuildFile section */
		01A7B050CFB2586656982896 /* Pods_FLCTMessagePush.framework in Frameworks */ = {isa = PBXBuildFile; fileRef = 918E6F3CB4CAEE2F15B00B9F /* Pods_FLCTMessagePush.framework */; };
		664912751FBECDF700A7F482 /* AppDelegate.m in Sources */ = {isa = PBXBuildFile; fileRef = 664912741FBECDF700A7F482 /* AppDelegate.m */; };
		664912771FBED00C00A7F482 /* main.m in Sources */ = {isa = PBXBuildFile; fileRef = 664912761FBED00C00A7F482 /* main.m */; };
		667490A01E9E208900B23B9F /* NetworkExtension.framework in Frameworks */ = {isa = PBXBuildFile; fileRef = 6674909F1E9E208900B23B9F /* NetworkExtension.framework */; };
		6683C0B41E8B87EE00D5F809 /* LaunchScreen.storyboard in Resources */ = {isa = PBXBuildFile; fileRef = 6683C0B21E8B87EE00D5F809 /* LaunchScreen.storyboard */; };
		6683C0EF1E8CC84000D5F809 /* MapKit.framework in Frameworks */ = {isa = PBXBuildFile; fileRef = 6683C0EE1E8CC84000D5F809 /* MapKit.framework */; };
		F5091A641FBFC70900AA84F3 /* STMPTabBarViewController.m in Sources */ = {isa = PBXBuildFile; fileRef = F5091A631FBFC70900AA84F3 /* STMPTabBarViewController.m */; };
		F5091A9A1FC33B3300AA84F3 /* STMPMessageListController.m in Sources */ = {isa = PBXBuildFile; fileRef = F5091A991FC33B3300AA84F3 /* STMPMessageListController.m */; };
		F5091AA71FC4627200AA84F3 /* STMPTableViewCell.m in Sources */ = {isa = PBXBuildFile; fileRef = F5091AA61FC4627200AA84F3 /* STMPTableViewCell.m */; };
		F5091AAA1FC4629400AA84F3 /* STMPMessageListCell.m in Sources */ = {isa = PBXBuildFile; fileRef = F5091AA91FC4629400AA84F3 /* STMPMessageListCell.m */; };
		F5091AAE1FC462D400AA84F3 /* STMPTableViewController.m in Sources */ = {isa = PBXBuildFile; fileRef = F5091AAD1FC462D400AA84F3 /* STMPTableViewController.m */; };
		F5091AB11FC462ED00AA84F3 /* STMPViewController.m in Sources */ = {isa = PBXBuildFile; fileRef = F5091AB01FC462ED00AA84F3 /* STMPViewController.m */; };
		F5091AB41FC5AC9C00AA84F3 /* STMPMessageListCellViewModel.m in Sources */ = {isa = PBXBuildFile; fileRef = F5091AB31FC5AC9C00AA84F3 /* STMPMessageListCellViewModel.m */; };
		F5091AB91FC5AF5A00AA84F3 /* STMPDataManager.m in Sources */ = {isa = PBXBuildFile; fileRef = F5091AB81FC5AF5A00AA84F3 /* STMPDataManager.m */; };
		F5091ABD1FC5CD9B00AA84F3 /* STMPMessageListDataManager.m in Sources */ = {isa = PBXBuildFile; fileRef = F5091ABC1FC5CD9B00AA84F3 /* STMPMessageListDataManager.m */; };
		F5091AC01FC65CDA00AA84F3 /* STMPCellViewModel.m in Sources */ = {isa = PBXBuildFile; fileRef = F5091ABF1FC65CDA00AA84F3 /* STMPCellViewModel.m */; };
		F509B9B01F5A8DC60032681E /* Assets.xcassets in Resources */ = {isa = PBXBuildFile; fileRef = F509B9AF1F5A8DC60032681E /* Assets.xcassets */; };
		F5508DC01ED7247600CD00FC /* Localizable.strings in Resources */ = {isa = PBXBuildFile; fileRef = F5508DC21ED7247600CD00FC /* Localizable.strings */; };
/* End PBXBuildFile section */

/* Begin PBXFileReference section */
		664912731FBECDF700A7F482 /* AppDelegate.h */ = {isa = PBXFileReference; lastKnownFileType = sourcecode.c.h; path = AppDelegate.h; sourceTree = "<group>"; };
		664912741FBECDF700A7F482 /* AppDelegate.m */ = {isa = PBXFileReference; lastKnownFileType = sourcecode.c.objc; path = AppDelegate.m; sourceTree = "<group>"; };
		664912761FBED00C00A7F482 /* main.m */ = {isa = PBXFileReference; fileEncoding = 4; lastKnownFileType = sourcecode.c.objc; path = main.m; sourceTree = "<group>"; };
		6649127C1FBED90300A7F482 /* FLCTMessagePush.entitlements */ = {isa = PBXFileReference; lastKnownFileType = text.plist.entitlements; path = FLCTMessagePush.entitlements; sourceTree = "<group>"; };
		6674909F1E9E208900B23B9F /* NetworkExtension.framework */ = {isa = PBXFileReference; lastKnownFileType = wrapper.framework; name = NetworkExtension.framework; path = System/Library/Frameworks/NetworkExtension.framework; sourceTree = SDKROOT; };
		6683C0A61E8B87EE00D5F809 /* FLCTMessagePush.app */ = {isa = PBXFileReference; explicitFileType = wrapper.application; includeInIndex = 0; path = FLCTMessagePush.app; sourceTree = BUILT_PRODUCTS_DIR; };
		6683C0B31E8B87EE00D5F809 /* Base */ = {isa = PBXFileReference; lastKnownFileType = file.storyboard; name = Base; path = Base.lproj/LaunchScreen.storyboard; sourceTree = "<group>"; };
		6683C0B51E8B87EE00D5F809 /* FLCTMessagePush.plist */ = {isa = PBXFileReference; lastKnownFileType = text.plist.xml; path = FLCTMessagePush.plist; sourceTree = "<group>"; };
		6683C0EE1E8CC84000D5F809 /* MapKit.framework */ = {isa = PBXFileReference; lastKnownFileType = wrapper.framework; name = MapKit.framework; path = System/Library/Frameworks/MapKit.framework; sourceTree = SDKROOT; };
		918E6F3CB4CAEE2F15B00B9F /* Pods_FLCTMessagePush.framework */ = {isa = PBXFileReference; explicitFileType = wrapper.framework; includeInIndex = 0; path = Pods_FLCTMessagePush.framework; sourceTree = BUILT_PRODUCTS_DIR; };
		B819CEA6B55D698F39836F30 /* Pods-FLCTMessagePush.debug.xcconfig */ = {isa = PBXFileReference; includeInIndex = 1; lastKnownFileType = text.xcconfig; name = "Pods-FLCTMessagePush.debug.xcconfig"; path = "Pods/Target Support Files/Pods-FLCTMessagePush/Pods-FLCTMessagePush.debug.xcconfig"; sourceTree = "<group>"; };
		E68C7F38C20F2BBEA004F836 /* Pods-FLCTMessagePush.release.xcconfig */ = {isa = PBXFileReference; includeInIndex = 1; lastKnownFileType = text.xcconfig; name = "Pods-FLCTMessagePush.release.xcconfig"; path = "Pods/Target Support Files/Pods-FLCTMessagePush/Pods-FLCTMessagePush.release.xcconfig"; sourceTree = "<group>"; };
		F5091A621FBFC70900AA84F3 /* STMPTabBarViewController.h */ = {isa = PBXFileReference; lastKnownFileType = sourcecode.c.h; path = STMPTabBarViewController.h; sourceTree = "<group>"; };
		F5091A631FBFC70900AA84F3 /* STMPTabBarViewController.m */ = {isa = PBXFileReference; lastKnownFileType = sourcecode.c.objc; path = STMPTabBarViewController.m; sourceTree = "<group>"; };
		F5091A981FC33B3300AA84F3 /* STMPMessageListController.h */ = {isa = PBXFileReference; lastKnownFileType = sourcecode.c.h; path = STMPMessageListController.h; sourceTree = "<group>"; };
		F5091A991FC33B3300AA84F3 /* STMPMessageListController.m */ = {isa = PBXFileReference; explicitFileType = sourcecode.c.objc; path = STMPMessageListController.m; sourceTree = "<group>"; };
		F5091AA51FC4627200AA84F3 /* STMPTableViewCell.h */ = {isa = PBXFileReference; lastKnownFileType = sourcecode.c.h; path = STMPTableViewCell.h; sourceTree = "<group>"; };
		F5091AA61FC4627200AA84F3 /* STMPTableViewCell.m */ = {isa = PBXFileReference; lastKnownFileType = sourcecode.c.objc; path = STMPTableViewCell.m; sourceTree = "<group>"; };
		F5091AA81FC4629400AA84F3 /* STMPMessageListCell.h */ = {isa = PBXFileReference; lastKnownFileType = sourcecode.c.h; path = STMPMessageListCell.h; sourceTree = "<group>"; };
		F5091AA91FC4629400AA84F3 /* STMPMessageListCell.m */ = {isa = PBXFileReference; lastKnownFileType = sourcecode.c.objc; path = STMPMessageListCell.m; sourceTree = "<group>"; };
		F5091AAC1FC462D400AA84F3 /* STMPTableViewController.h */ = {isa = PBXFileReference; lastKnownFileType = sourcecode.c.h; path = STMPTableViewController.h; sourceTree = "<group>"; };
		F5091AAD1FC462D400AA84F3 /* STMPTableViewController.m */ = {isa = PBXFileReference; lastKnownFileType = sourcecode.c.objc; path = STMPTableViewController.m; sourceTree = "<group>"; };
		F5091AAF1FC462ED00AA84F3 /* STMPViewController.h */ = {isa = PBXFileReference; lastKnownFileType = sourcecode.c.h; path = STMPViewController.h; sourceTree = "<group>"; };
		F5091AB01FC462ED00AA84F3 /* STMPViewController.m */ = {isa = PBXFileReference; lastKnownFileType = sourcecode.c.objc; path = STMPViewController.m; sourceTree = "<group>"; };
		F5091AB21FC5AC9C00AA84F3 /* STMPMessageListCellViewModel.h */ = {isa = PBXFileReference; lastKnownFileType = sourcecode.c.h; path = STMPMessageListCellViewModel.h; sourceTree = "<group>"; };
		F5091AB31FC5AC9C00AA84F3 /* STMPMessageListCellViewModel.m */ = {isa = PBXFileReference; lastKnownFileType = sourcecode.c.objc; path = STMPMessageListCellViewModel.m; sourceTree = "<group>"; };
		F5091AB71FC5AF5A00AA84F3 /* STMPDataManager.h */ = {isa = PBXFileReference; lastKnownFileType = sourcecode.c.h; path = STMPDataManager.h; sourceTree = "<group>"; };
		F5091AB81FC5AF5A00AA84F3 /* STMPDataManager.m */ = {isa = PBXFileReference; lastKnownFileType = sourcecode.c.objc; path = STMPDataManager.m; sourceTree = "<group>"; };
		F5091ABB1FC5CD9B00AA84F3 /* STMPMessageListDataManager.h */ = {isa = PBXFileReference; lastKnownFileType = sourcecode.c.h; path = STMPMessageListDataManager.h; sourceTree = "<group>"; };
		F5091ABC1FC5CD9B00AA84F3 /* STMPMessageListDataManager.m */ = {isa = PBXFileReference; lastKnownFileType = sourcecode.c.objc; path = STMPMessageListDataManager.m; sourceTree = "<group>"; };
		F5091ABE1FC65CDA00AA84F3 /* STMPCellViewModel.h */ = {isa = PBXFileReference; lastKnownFileType = sourcecode.c.h; path = STMPCellViewModel.h; sourceTree = "<group>"; };
		F5091ABF1FC65CDA00AA84F3 /* STMPCellViewModel.m */ = {isa = PBXFileReference; lastKnownFileType = sourcecode.c.objc; path = STMPCellViewModel.m; sourceTree = "<group>"; };
		F509B9AF1F5A8DC60032681E /* Assets.xcassets */ = {isa = PBXFileReference; lastKnownFileType = folder.assetcatalog; path = Assets.xcassets; sourceTree = "<group>"; };
		F5508DC51ED7254900CD00FC /* zh-Hans */ = {isa = PBXFileReference; lastKnownFileType = text.plist.strings; name = "zh-Hans"; path = "zh-Hans.lproj/LaunchScreen.strings"; sourceTree = "<group>"; };
		F5508DC61ED7254900CD00FC /* zh-Hans */ = {isa = PBXFileReference; lastKnownFileType = text.plist.strings; name = "zh-Hans"; path = "zh-Hans.lproj/Localizable.strings"; sourceTree = "<group>"; };
		F5508DC71ED7255D00CD00FC /* en */ = {isa = PBXFileReference; lastKnownFileType = text.plist.strings; name = en; path = en.lproj/LaunchScreen.strings; sourceTree = "<group>"; };
		F5508DC81ED7255D00CD00FC /* en */ = {isa = PBXFileReference; lastKnownFileType = text.plist.strings; name = en; path = en.lproj/Localizable.strings; sourceTree = "<group>"; };
/* End PBXFileReference section */

/* Begin PBXFrameworksBuildPhase section */
		6683C0A31E8B87EE00D5F809 /* Frameworks */ = {
			isa = PBXFrameworksBuildPhase;
			buildActionMask = 2147483647;
			files = (
				6683C0EF1E8CC84000D5F809 /* MapKit.framework in Frameworks */,
				667490A01E9E208900B23B9F /* NetworkExtension.framework in Frameworks */,
				01A7B050CFB2586656982896 /* Pods_FLCTMessagePush.framework in Frameworks */,
			);
			runOnlyForDeploymentPostprocessing = 0;
		};
/* End PBXFrameworksBuildPhase section */

/* Begin PBXGroup section */
		076F463E0DB000E46BFA42E2 /* Frameworks */ = {
			isa = PBXGroup;
			children = (
				6674909F1E9E208900B23B9F /* NetworkExtension.framework */,
				6683C0EE1E8CC84000D5F809 /* MapKit.framework */,
				918E6F3CB4CAEE2F15B00B9F /* Pods_FLCTMessagePush.framework */,
			);
			name = Frameworks;
			sourceTree = "<group>";
		};
		6649127B1FBED73D00A7F482 /* OtherFile */ = {
			isa = PBXGroup;
			children = (
				6683C0B21E8B87EE00D5F809 /* LaunchScreen.storyboard */,
				F509B9AF1F5A8DC60032681E /* Assets.xcassets */,
				6683C0B51E8B87EE00D5F809 /* FLCTMessagePush.plist */,
				F5508DC21ED7247600CD00FC /* Localizable.strings */,
				664912761FBED00C00A7F482 /* main.m */,
			);
			path = OtherFile;
			sourceTree = "<group>";
		};
		6683C09D1E8B87EE00D5F809 = {
			isa = PBXGroup;
			children = (
				6683C0A81E8B87EE00D5F809 /* FLCTMessagePush */,
				6683C0A71E8B87EE00D5F809 /* Products */,
				6A27DA426E4AAF9540F9BE5C /* Pods */,
				076F463E0DB000E46BFA42E2 /* Frameworks */,
			);
			sourceTree = "<group>";
		};
		6683C0A71E8B87EE00D5F809 /* Products */ = {
			isa = PBXGroup;
			children = (
				6683C0A61E8B87EE00D5F809 /* FLCTMessagePush.app */,
			);
			name = Products;
			sourceTree = "<group>";
		};
		6683C0A81E8B87EE00D5F809 /* FLCTMessagePush */ = {
			isa = PBXGroup;
			children = (
				6649127C1FBED90300A7F482 /* FLCTMessagePush.entitlements */,
				6683C0CA1E8B90BC00D5F809 /* AppDelegate */,
				F5D4BA561FBFC46A00A555D8 /* App */,
				6649127B1FBED73D00A7F482 /* OtherFile */,
			);
			path = FLCTMessagePush;
			sourceTree = "<group>";
		};
		6683C0CA1E8B90BC00D5F809 /* AppDelegate */ = {
			isa = PBXGroup;
			children = (
				664912731FBECDF700A7F482 /* AppDelegate.h */,
				664912741FBECDF700A7F482 /* AppDelegate.m */,
			);
			path = AppDelegate;
			sourceTree = "<group>";
		};
		6A27DA426E4AAF9540F9BE5C /* Pods */ = {
			isa = PBXGroup;
			children = (
				B819CEA6B55D698F39836F30 /* Pods-FLCTMessagePush.debug.xcconfig */,
				E68C7F38C20F2BBEA004F836 /* Pods-FLCTMessagePush.release.xcconfig */,
			);
			name = Pods;
			sourceTree = "<group>";
		};
		F5091A571FBFC53400AA84F3 /* TabbarController */ = {
			isa = PBXGroup;
			children = (
				F5091A621FBFC70900AA84F3 /* STMPTabBarViewController.h */,
				F5091A631FBFC70900AA84F3 /* STMPTabBarViewController.m */,
			);
			path = TabbarController;
			sourceTree = "<group>";
		};
		F5091A691FBFCA4100AA84F3 /* Login */ = {
			isa = PBXGroup;
			children = (
			);
			path = Login;
			sourceTree = "<group>";
		};
		F5091A6A1FBFEB8300AA84F3 /* Uitil */ = {
			isa = PBXGroup;
			children = (
			);
			path = Uitil;
			sourceTree = "<group>";
		};
		F5091A8B1FC333FB00AA84F3 /* Setting */ = {
			isa = PBXGroup;
			children = (
			);
			path = Setting;
			sourceTree = "<group>";
		};
		F5091A8C1FC3340500AA84F3 /* Message */ = {
			isa = PBXGroup;
			children = (
				F5091A8E1FC3342D00AA84F3 /* Detail */,
				F5091A8D1FC3342100AA84F3 /* List */,
			);
			path = Message;
			sourceTree = "<group>";
		};
		F5091A8D1FC3342100AA84F3 /* List */ = {
			isa = PBXGroup;
			children = (
				F5091ABA1FC5CD7B00AA84F3 /* Manager */,
				F5091AA21FC461BF00AA84F3 /* ViewModel */,
				F5091AA11FC461B500AA84F3 /* View */,
				F5091A981FC33B3300AA84F3 /* STMPMessageListController.h */,
				F5091A991FC33B3300AA84F3 /* STMPMessageListController.m */,
			);
			path = List;
			sourceTree = "<group>";
		};
		F5091A8E1FC3342D00AA84F3 /* Detail */ = {
			isa = PBXGroup;
			children = (
			);
			path = Detail;
			sourceTree = "<group>";
		};
		F5091AA11FC461B500AA84F3 /* View */ = {
			isa = PBXGroup;
			children = (
				F5091AA81FC4629400AA84F3 /* STMPMessageListCell.h */,
				F5091AA91FC4629400AA84F3 /* STMPMessageListCell.m */,
			);
			path = View;
			sourceTree = "<group>";
		};
		F5091AA21FC461BF00AA84F3 /* ViewModel */ = {
			isa = PBXGroup;
			children = (
				F5091AB21FC5AC9C00AA84F3 /* STMPMessageListCellViewModel.h */,
				F5091AB31FC5AC9C00AA84F3 /* STMPMessageListCellViewModel.m */,
			);
			path = ViewModel;
			sourceTree = "<group>";
		};
		F5091AA31FC4625000AA84F3 /* UIView */ = {
			isa = PBXGroup;
			children = (
				F5091AAB1FC462B400AA84F3 /* Controller */,
				F5091AA41FC4625800AA84F3 /* Cell */,
			);
			path = UIView;
			sourceTree = "<group>";
		};
		F5091AA41FC4625800AA84F3 /* Cell */ = {
			isa = PBXGroup;
			children = (
				F5091AA51FC4627200AA84F3 /* STMPTableViewCell.h */,
				F5091AA61FC4627200AA84F3 /* STMPTableViewCell.m */,
			);
			path = Cell;
			sourceTree = "<group>";
		};
		F5091AAB1FC462B400AA84F3 /* Controller */ = {
			isa = PBXGroup;
			children = (
				F5091AAC1FC462D400AA84F3 /* STMPTableViewController.h */,
				F5091AAD1FC462D400AA84F3 /* STMPTableViewController.m */,
				F5091AAF1FC462ED00AA84F3 /* STMPViewController.h */,
				F5091AB01FC462ED00AA84F3 /* STMPViewController.m */,
			);
			path = Controller;
			sourceTree = "<group>";
		};
		F5091AB51FC5ACE400AA84F3 /* Model */ = {
			isa = PBXGroup;
			children = (
				F5091ABE1FC65CDA00AA84F3 /* STMPCellViewModel.h */,
				F5091ABF1FC65CDA00AA84F3 /* STMPCellViewModel.m */,
			);
			path = Model;
			sourceTree = "<group>";
		};
		F5091AB61FC5ACEB00AA84F3 /* Manager */ = {
			isa = PBXGroup;
			children = (
				F5091AB71FC5AF5A00AA84F3 /* STMPDataManager.h */,
				F5091AB81FC5AF5A00AA84F3 /* STMPDataManager.m */,
			);
			path = Manager;
			sourceTree = "<group>";
		};
		F5091ABA1FC5CD7B00AA84F3 /* Manager */ = {
			isa = PBXGroup;
			children = (
				F5091ABB1FC5CD9B00AA84F3 /* STMPMessageListDataManager.h */,
				F5091ABC1FC5CD9B00AA84F3 /* STMPMessageListDataManager.m */,
			);
			path = Manager;
			sourceTree = "<group>";
		};
		F5D4BA561FBFC46A00A555D8 /* App */ = {
			isa = PBXGroup;
			children = (
				F5091A6A1FBFEB8300AA84F3 /* Uitil */,
				F5D4BA591FBFC48E00A555D8 /* Module */,
				F5D4BA581FBFC48600A555D8 /* Component */,
				F5D4BA571FBFC47E00A555D8 /* Main */,
			);
			path = App;
			sourceTree = "<group>";
		};
		F5D4BA571FBFC47E00A555D8 /* Main */ = {
			isa = PBXGroup;
			children = (
				F5091A571FBFC53400AA84F3 /* TabbarController */,
			);
			path = Main;
			sourceTree = "<group>";
		};
		F5D4BA581FBFC48600A555D8 /* Component */ = {
			isa = PBXGroup;
			children = (
				F5091AB61FC5ACEB00AA84F3 /* Manager */,
				F5091AB51FC5ACE400AA84F3 /* Model */,
				F5091AA31FC4625000AA84F3 /* UIView */,
			);
			path = Component;
			sourceTree = "<group>";
		};
		F5D4BA591FBFC48E00A555D8 /* Module */ = {
			isa = PBXGroup;
			children = (
				F5091A8C1FC3340500AA84F3 /* Message */,
				F5091A8B1FC333FB00AA84F3 /* Setting */,
				F5091A691FBFCA4100AA84F3 /* Login */,
			);
			path = Module;
			sourceTree = "<group>";
		};
/* End PBXGroup section */

/* Begin PBXNativeTarget section */
		6683C0A51E8B87EE00D5F809 /* FLCTMessagePush */ = {
			isa = PBXNativeTarget;
			buildConfigurationList = 6683C0B81E8B87EE00D5F809 /* Build configuration list for PBXNativeTarget "FLCTMessagePush" */;
			buildPhases = (
				8E2ED48CE114B96EE78724C0 /* [CP] Check Pods Manifest.lock */,
				6683C0A21E8B87EE00D5F809 /* Sources */,
				6683C0A31E8B87EE00D5F809 /* Frameworks */,
				6683C0A41E8B87EE00D5F809 /* Resources */,
				9F584F9F64A96CD9DF207668 /* [CP] Embed Pods Frameworks */,
				A08D1245DDF402FFD8B08992 /* [CP] Copy Pods Resources */,
			);
			buildRules = (
			);
			dependencies = (
			);
			name = FLCTMessagePush;
			productName = FLCTMessagePush;
			productReference = 6683C0A61E8B87EE00D5F809 /* FLCTMessagePush.app */;
			productType = "com.apple.product-type.application";
		};
/* End PBXNativeTarget section */

/* Begin PBXProject section */
		6683C09E1E8B87EE00D5F809 /* Project object */ = {
			isa = PBXProject;
			attributes = {
				LastSwiftUpdateCheck = 0820;
				LastUpgradeCheck = 0910;
				ORGANIZATIONNAME = Maple;
				TargetAttributes = {
					6683C0A51E8B87EE00D5F809 = {
						CreatedOnToolsVersion = 8.2.1;
						DevelopmentTeam = ZEKMY4ZK97;
						LastSwiftMigration = 0910;
						ProvisioningStyle = Automatic;
						SystemCapabilities = {
							com.apple.BackgroundModes = {
								enabled = 0;
							};
							com.apple.InterAppAudio = {
								enabled = 0;
							};
							com.apple.Keychain = {
								enabled = 0;
							};
							com.apple.Maps.iOS = {
								enabled = 0;
							};
							com.apple.NetworkExtensions = {
								enabled = 1;
							};
							com.apple.Push = {
								enabled = 1;
							};
							com.apple.SafariKeychain = {
								enabled = 0;
							};
							com.apple.VPNLite = {
								enabled = 0;
							};
						};
					};
				};
			};
			buildConfigurationList = 6683C0A11E8B87EE00D5F809 /* Build configuration list for PBXProject "FLCTMessagePush" */;
			compatibilityVersion = "Xcode 3.2";
			developmentRegion = English;
			hasScannedForEncodings = 0;
			knownRegions = (
				Base,
				"zh-Hans",
				en,
			);
			mainGroup = 6683C09D1E8B87EE00D5F809;
			productRefGroup = 6683C0A71E8B87EE00D5F809 /* Products */;
			projectDirPath = "";
			projectRoot = "";
			targets = (
				6683C0A51E8B87EE00D5F809 /* FLCTMessagePush */,
			);
		};
/* End PBXProject section */

/* Begin PBXResourcesBuildPhase section */
		6683C0A41E8B87EE00D5F809 /* Resources */ = {
			isa = PBXResourcesBuildPhase;
			buildActionMask = 2147483647;
			files = (
				F5508DC01ED7247600CD00FC /* Localizable.strings in Resources */,
				F509B9B01F5A8DC60032681E /* Assets.xcassets in Resources */,
				6683C0B41E8B87EE00D5F809 /* LaunchScreen.storyboard in Resources */,
			);
			runOnlyForDeploymentPostprocessing = 0;
		};
/* End PBXResourcesBuildPhase section */

/* Begin PBXShellScriptBuildPhase section */
		8E2ED48CE114B96EE78724C0 /* [CP] Check Pods Manifest.lock */ = {
			isa = PBXShellScriptBuildPhase;
			buildActionMask = 2147483647;
			files = (
			);
			inputPaths = (
				"${PODS_PODFILE_DIR_PATH}/Podfile.lock",
				"${PODS_ROOT}/Manifest.lock",
			);
			name = "[CP] Check Pods Manifest.lock";
			outputPaths = (
				"$(DERIVED_FILE_DIR)/Pods-FLCTMessagePush-checkManifestLockResult.txt",
			);
			runOnlyForDeploymentPostprocessing = 0;
			shellPath = /bin/sh;
			shellScript = "diff \"${PODS_PODFILE_DIR_PATH}/Podfile.lock\" \"${PODS_ROOT}/Manifest.lock\" > /dev/null\nif [ $? != 0 ] ; then\n    # print error to STDERR\n    echo \"error: The sandbox is not in sync with the Podfile.lock. Run 'pod install' or update your CocoaPods installation.\" >&2\n    exit 1\nfi\n# This output is used by Xcode 'outputs' to avoid re-running this script phase.\necho \"SUCCESS\" > \"${SCRIPT_OUTPUT_FILE_0}\"\n";
			showEnvVarsInLog = 0;
		};
		9F584F9F64A96CD9DF207668 /* [CP] Embed Pods Frameworks */ = {
			isa = PBXShellScriptBuildPhase;
			buildActionMask = 2147483647;
			files = (
			);
			inputPaths = (
				"${SRCROOT}/Pods/Target Support Files/Pods-FLCTMessagePush/Pods-FLCTMessagePush-frameworks.sh",
				"${BUILT_PRODUCTS_DIR}/Alamofire/Alamofire.framework",
				"${BUILT_PRODUCTS_DIR}/Masonry/Masonry.framework",
				"${BUILT_PRODUCTS_DIR}/STOrigin/STOrigin.framework",
				"${BUILT_PRODUCTS_DIR}/YYModel/YYModel.framework",
			);
			name = "[CP] Embed Pods Frameworks";
			outputPaths = (
				"${TARGET_BUILD_DIR}/${FRAMEWORKS_FOLDER_PATH}/Alamofire.framework",
				"${TARGET_BUILD_DIR}/${FRAMEWORKS_FOLDER_PATH}/Masonry.framework",
				"${TARGET_BUILD_DIR}/${FRAMEWORKS_FOLDER_PATH}/STOrigin.framework",
				"${TARGET_BUILD_DIR}/${FRAMEWORKS_FOLDER_PATH}/YYModel.framework",
			);
			runOnlyForDeploymentPostprocessing = 0;
			shellPath = /bin/sh;
			shellScript = "\"${SRCROOT}/Pods/Target Support Files/Pods-FLCTMessagePush/Pods-FLCTMessagePush-frameworks.sh\"\n";
			showEnvVarsInLog = 0;
		};
		A08D1245DDF402FFD8B08992 /* [CP] Copy Pods Resources */ = {
			isa = PBXShellScriptBuildPhase;
			buildActionMask = 2147483647;
			files = (
			);
			inputPaths = (
			);
			name = "[CP] Copy Pods Resources";
			outputPaths = (
			);
			runOnlyForDeploymentPostprocessing = 0;
			shellPath = /bin/sh;
			shellScript = "\"${SRCROOT}/Pods/Target Support Files/Pods-FLCTMessagePush/Pods-FLCTMessagePush-resources.sh\"\n";
			showEnvVarsInLog = 0;
		};
/* End PBXShellScriptBuildPhase section */

/* Begin PBXSourcesBuildPhase section */
		6683C0A21E8B87EE00D5F809 /* Sources */ = {
			isa = PBXSourcesBuildPhase;
			buildActionMask = 2147483647;
			files = (
				F5091AA71FC4627200AA84F3 /* STMPTableViewCell.m in Sources */,
				F5091ABD1FC5CD9B00AA84F3 /* STMPMessageListDataManager.m in Sources */,
				F5091AC01FC65CDA00AA84F3 /* STMPCellViewModel.m in Sources */,
				F5091AAE1FC462D400AA84F3 /* STMPTableViewController.m in Sources */,
				F5091AB11FC462ED00AA84F3 /* STMPViewController.m in Sources */,
				F5091AB91FC5AF5A00AA84F3 /* STMPDataManager.m in Sources */,
				F5091AAA1FC4629400AA84F3 /* STMPMessageListCell.m in Sources */,
				F5091AB41FC5AC9C00AA84F3 /* STMPMessageListCellViewModel.m in Sources */,
				664912771FBED00C00A7F482 /* main.m in Sources */,
				F5091A641FBFC70900AA84F3 /* STMPTabBarViewController.m in Sources */,
				664912751FBECDF700A7F482 /* AppDelegate.m in Sources */,
				F5091A9A1FC33B3300AA84F3 /* STMPMessageListController.m in Sources */,
			);
			runOnlyForDeploymentPostprocessing = 0;
		};
/* End PBXSourcesBuildPhase section */

/* Begin PBXVariantGroup section */
		6683C0B21E8B87EE00D5F809 /* LaunchScreen.storyboard */ = {
			isa = PBXVariantGroup;
			children = (
				6683C0B31E8B87EE00D5F809 /* Base */,
				F5508DC51ED7254900CD00FC /* zh-Hans */,
				F5508DC71ED7255D00CD00FC /* en */,
			);
			name = LaunchScreen.storyboard;
			sourceTree = "<group>";
		};
		F5508DC21ED7247600CD00FC /* Localizable.strings */ = {
			isa = PBXVariantGroup;
			children = (
				F5508DC61ED7254900CD00FC /* zh-Hans */,
				F5508DC81ED7255D00CD00FC /* en */,
			);
			name = Localizable.strings;
			sourceTree = "<group>";
		};
/* End PBXVariantGroup section */

/* Begin XCBuildConfiguration section */
		6683C0B61E8B87EE00D5F809 /* Debug */ = {
			isa = XCBuildConfiguration;
			buildSettings = {
				ALWAYS_SEARCH_USER_PATHS = NO;
				CLANG_ANALYZER_LOCALIZABILITY_NONLOCALIZED = YES;
				CLANG_ANALYZER_NONNULL = YES;
				CLANG_CXX_LANGUAGE_STANDARD = "gnu++0x";
				CLANG_CXX_LIBRARY = "libc++";
				CLANG_ENABLE_MODULES = YES;
				CLANG_ENABLE_OBJC_ARC = YES;
				CLANG_WARN_BLOCK_CAPTURE_AUTORELEASING = YES;
				CLANG_WARN_BOOL_CONVERSION = YES;
				CLANG_WARN_COMMA = YES;
				CLANG_WARN_CONSTANT_CONVERSION = YES;
				CLANG_WARN_DIRECT_OBJC_ISA_USAGE = YES_ERROR;
				CLANG_WARN_DOCUMENTATION_COMMENTS = YES;
				CLANG_WARN_EMPTY_BODY = YES;
				CLANG_WARN_ENUM_CONVERSION = YES;
				CLANG_WARN_INFINITE_RECURSION = YES;
				CLANG_WARN_INT_CONVERSION = YES;
				CLANG_WARN_NON_LITERAL_NULL_CONVERSION = YES;
				CLANG_WARN_OBJC_LITERAL_CONVERSION = YES;
				CLANG_WARN_OBJC_ROOT_CLASS = YES_ERROR;
				CLANG_WARN_RANGE_LOOP_ANALYSIS = YES;
				CLANG_WARN_STRICT_PROTOTYPES = YES;
				CLANG_WARN_SUSPICIOUS_MOVE = YES;
				CLANG_WARN_UNREACHABLE_CODE = YES;
				CLANG_WARN__DUPLICATE_METHOD_MATCH = YES;
				"CODE_SIGN_IDENTITY[sdk=iphoneos*]" = "iPhone Developer";
				COPY_PHASE_STRIP = NO;
				DEBUG_INFORMATION_FORMAT = dwarf;
				ENABLE_STRICT_OBJC_MSGSEND = YES;
				ENABLE_TESTABILITY = YES;
				GCC_C_LANGUAGE_STANDARD = gnu99;
				GCC_DYNAMIC_NO_PIC = NO;
				GCC_NO_COMMON_BLOCKS = YES;
				GCC_OPTIMIZATION_LEVEL = 0;
				GCC_PREPROCESSOR_DEFINITIONS = (
					"DEBUG=1",
					"$(inherited)",
				);
				GCC_WARN_64_TO_32_BIT_CONVERSION = YES;
				GCC_WARN_ABOUT_RETURN_TYPE = YES_ERROR;
				GCC_WARN_UNDECLARED_SELECTOR = YES;
				GCC_WARN_UNINITIALIZED_AUTOS = YES_AGGRESSIVE;
				GCC_WARN_UNUSED_FUNCTION = YES;
				GCC_WARN_UNUSED_VARIABLE = YES;
				IPHONEOS_DEPLOYMENT_TARGET = 11.0;
				MTL_ENABLE_DEBUG_INFO = YES;
				ONLY_ACTIVE_ARCH = YES;
				SDKROOT = iphoneos;
				SWIFT_ACTIVE_COMPILATION_CONDITIONS = DEBUG;
				SWIFT_OPTIMIZATION_LEVEL = "-Onone";
				SWIFT_VERSION = 4.0;
			};
			name = Debug;
		};
		6683C0B71E8B87EE00D5F809 /* Release */ = {
			isa = XCBuildConfiguration;
			buildSettings = {
				ALWAYS_SEARCH_USER_PATHS = NO;
				CLANG_ANALYZER_LOCALIZABILITY_NONLOCALIZED = YES;
				CLANG_ANALYZER_NONNULL = YES;
				CLANG_CXX_LANGUAGE_STANDARD = "gnu++0x";
				CLANG_CXX_LIBRARY = "libc++";
				CLANG_ENABLE_MODULES = YES;
				CLANG_ENABLE_OBJC_ARC = YES;
				CLANG_WARN_BLOCK_CAPTURE_AUTORELEASING = YES;
				CLANG_WARN_BOOL_CONVERSION = YES;
				CLANG_WARN_COMMA = YES;
				CLANG_WARN_CONSTANT_CONVERSION = YES;
				CLANG_WARN_DIRECT_OBJC_ISA_USAGE = YES_ERROR;
				CLANG_WARN_DOCUMENTATION_COMMENTS = YES;
				CLANG_WARN_EMPTY_BODY = YES;
				CLANG_WARN_ENUM_CONVERSION = YES;
				CLANG_WARN_INFINITE_RECURSION = YES;
				CLANG_WARN_INT_CONVERSION = YES;
				CLANG_WARN_NON_LITERAL_NULL_CONVERSION = YES;
				CLANG_WARN_OBJC_LITERAL_CONVERSION = YES;
				CLANG_WARN_OBJC_ROOT_CLASS = YES_ERROR;
				CLANG_WARN_RANGE_LOOP_ANALYSIS = YES;
				CLANG_WARN_STRICT_PROTOTYPES = YES;
				CLANG_WARN_SUSPICIOUS_MOVE = YES;
				CLANG_WARN_UNREACHABLE_CODE = YES;
				CLANG_WARN__DUPLICATE_METHOD_MATCH = YES;
				"CODE_SIGN_IDENTITY[sdk=iphoneos*]" = "iPhone Developer";
				COPY_PHASE_STRIP = NO;
				DEBUG_INFORMATION_FORMAT = "dwarf-with-dsym";
				ENABLE_NS_ASSERTIONS = NO;
				ENABLE_STRICT_OBJC_MSGSEND = YES;
				GCC_C_LANGUAGE_STANDARD = gnu99;
				GCC_NO_COMMON_BLOCKS = YES;
				GCC_WARN_64_TO_32_BIT_CONVERSION = YES;
				GCC_WARN_ABOUT_RETURN_TYPE = YES_ERROR;
				GCC_WARN_UNDECLARED_SELECTOR = YES;
				GCC_WARN_UNINITIALIZED_AUTOS = YES_AGGRESSIVE;
				GCC_WARN_UNUSED_FUNCTION = YES;
				GCC_WARN_UNUSED_VARIABLE = YES;
				IPHONEOS_DEPLOYMENT_TARGET = 11.0;
				MTL_ENABLE_DEBUG_INFO = NO;
				SDKROOT = iphoneos;
				SWIFT_OPTIMIZATION_LEVEL = "-Owholemodule";
				SWIFT_VERSION = 4.0;
				VALIDATE_PRODUCT = YES;
			};
			name = Release;
		};
		6683C0B91E8B87EE00D5F809 /* Debug */ = {
			isa = XCBuildConfiguration;
			baseConfigurationReference = B819CEA6B55D698F39836F30 /* Pods-FLCTMessagePush.debug.xcconfig */;
			buildSettings = {
				ASSETCATALOG_COMPILER_APPICON_NAME = AppIcon;
				CLANG_ENABLE_MODULES = YES;
				CLANG_WARN_DOCUMENTATION_COMMENTS = YES;
				CODE_SIGN_ENTITLEMENTS = FLCTMessagePush/FLCTMessagePush.entitlements;
				"CODE_SIGN_IDENTITY[sdk=iphoneos*]" = "iPhone Developer";
				CODE_SIGN_STYLE = Automatic;
				DEVELOPMENT_TEAM = ZEKMY4ZK97;
				INFOPLIST_FILE = "$(SRCROOT)/FLCTMessagePush/OtherFile/FLCTMessagePush.plist";
				LD_RUNPATH_SEARCH_PATHS = "$(inherited) @executable_path/Frameworks";
				PRODUCT_BUNDLE_IDENTIFIER = im.maple.FLCTSMSNotice;
				PRODUCT_NAME = "$(TARGET_NAME)";
				PROVISIONING_PROFILE = "";
				PROVISIONING_PROFILE_SPECIFIER = "";
				SWIFT_OBJC_BRIDGING_HEADER = "FLCTMessagePush/App/Uitil/FLCTMessagePush-Bridging-Header.h";
				SWIFT_OPTIMIZATION_LEVEL = "-Onone";
				SWIFT_VERSION = 4.0;
			};
			name = Debug;
		};
		6683C0BA1E8B87EE00D5F809 /* Release */ = {
			isa = XCBuildConfiguration;
			baseConfigurationReference = E68C7F38C20F2BBEA004F836 /* Pods-FLCTMessagePush.release.xcconfig */;
			buildSettings = {
				ASSETCATALOG_COMPILER_APPICON_NAME = AppIcon;
				CLANG_ENABLE_MODULES = YES;
				CLANG_WARN_DOCUMENTATION_COMMENTS = YES;
				CODE_SIGN_ENTITLEMENTS = FLCTMessagePush/FLCTMessagePush.entitlements;
				"CODE_SIGN_IDENTITY[sdk=iphoneos*]" = "iPhone Developer";
				CODE_SIGN_STYLE = Automatic;
				DEVELOPMENT_TEAM = ZEKMY4ZK97;
				INFOPLIST_FILE = "$(SRCROOT)/FLCTMessagePush/OtherFile/FLCTMessagePush.plist";
				LD_RUNPATH_SEARCH_PATHS = "$(inherited) @executable_path/Frameworks";
				PRODUCT_BUNDLE_IDENTIFIER = im.maple.FLCTSMSNotice;
				PRODUCT_NAME = "$(TARGET_NAME)";
				PROVISIONING_PROFILE = "";
				PROVISIONING_PROFILE_SPECIFIER = "";
				SWIFT_OBJC_BRIDGING_HEADER = "FLCTMessagePush/App/Uitil/FLCTMessagePush-Bridging-Header.h";
				SWIFT_VERSION = 4.0;
			};
			name = Release;
		};
/* End XCBuildConfiguration section */

/* Begin XCConfigurationList section */
		6683C0A11E8B87EE00D5F809 /* Build configuration list for PBXProject "FLCTMessagePush" */ = {
			isa = XCConfigurationList;
			buildConfigurations = (
				6683C0B61E8B87EE00D5F809 /* Debug */,
				6683C0B71E8B87EE00D5F809 /* Release */,
			);
			defaultConfigurationIsVisible = 0;
			defaultConfigurationName = Release;
		};
		6683C0B81E8B87EE00D5F809 /* Build configuration list for PBXNativeTarget "FLCTMessagePush" */ = {
			isa = XCConfigurationList;
			buildConfigurations = (
				6683C0B91E8B87EE00D5F809 /* Debug */,
				6683C0BA1E8B87EE00D5F809 /* Release */,
			);
			defaultConfigurationIsVisible = 0;
			defaultConfigurationName = Release;
		};
/* End XCConfigurationList section */
	};
	rootObject = 6683C09E1E8B87EE00D5F809 /* Project object */;
}
